PODS:
  - FlutterMacOS (2.5)
  - quick_blue (0.0.1)
  - quick_blue_macos (0.0.1):
    - FlutterMacOS

DEPENDENCIES:
  - quick_blue (from `Flutter/ephemeral/.symlinks/plugins/quick_blue/macos`)
  - quick_blue_macos (from `Flutter/ephemeral/.symlinks/plugins/quick_blue_macos/macos`)

SPEC REPOS:
  trunk:
    - FlutterMacOS

EXTERNAL SOURCES:
  quick_blue:
    :path: Flutter/ephemeral/.symlinks/plugins/quick_blue/macos
  quick_blue_macos:
    :path: Flutter/ephemeral/.symlinks/plugins/quick_blue_macos/macos

SPEC CHECKSUMS:
  FlutterMacOS: 078aecd6294d0b7bce11c6dcddcb3e7818567a04
  quick_blue: 12c16e1d377916f447bc9645fc354e18cd2a7bde
  quick_blue_macos: b7808bfaa3524fbf1edbba0d8b080908299c3541

PODFILE CHECKSUM: 77099ba0c243b0cab165ba0601a9995e35fa19fb

COCOAPODS: 1.10.0
